
Microsoft Visual Studio Solution File, Format Version 12.00
# Visual Studio Version 17
VisualStudioVersion = 17.6.33801.468
MinimumVisualStudioVersion = 10.0.40219.1
Project("{9A19103F-16F7-4668-BE54-9A1E7A4F7556}") = "DogShelter.WebApi", "DogShelter\DogShelter.WebApi.csproj", "{717310B3-90EE-464B-9838-1762E160B299}"
EndProject
Project("{2150E333-8FDC-42A3-9474-1A3956D46DE8}") = "1 - Presentation", "1 - Presentation", "{6117E061-A6DB-46CC-9F9B-DE44C460E612}"
EndProject
Project("{2150E333-8FDC-42A3-9474-1A3956D46DE8}") = "2 - Application", "2 - Application", "{2E2C6E62-FD0C-4C39-ACEE-5E11858A93F5}"
EndProject
Project("{9A19103F-16F7-4668-BE54-9A1E7A4F7556}") = "Application", "Application\Application.csproj", "{0C087D02-0136-420E-B2D4-EFEF9C3CFC11}"
EndProject
Project("{2150E333-8FDC-42A3-9474-1A3956D46DE8}") = "3 - Domain", "3 - Domain", "{4D1EE417-0A5B-4169-8C93-789F2085C57B}"
EndProject
Project("{9A19103F-16F7-4668-BE54-9A1E7A4F7556}") = "Domain", "Domain\Domain.csproj", "{3E8607B4-0288-4FEA-9136-C8B120434DA8}"
EndProject
Project("{2150E333-8FDC-42A3-9474-1A3956D46DE8}") = "5 - Crosscutting", "5 - Crosscutting", "{52FC8AF1-3AF0-46AC-98DD-F90F41593A1E}"
EndProject
Project("{9A19103F-16F7-4668-BE54-9A1E7A4F7556}") = "Crosscutting.DependencyInjection", "Crosscutting.DependencyInjection\Crosscutting.DependencyInjection.csproj", "{557CE6D1-09B7-4C8B-864D-CD28F2E20775}"
EndProject
Project("{9A19103F-16F7-4668-BE54-9A1E7A4F7556}") = "Crosscutting", "Crosscutting\Crosscutting.csproj", "{C4FE6C0E-0F98-471A-AB19-FC0CFFB79E9E}"
EndProject
Project("{2150E333-8FDC-42A3-9474-1A3956D46DE8}") = "4 - Data", "4 - Data", "{364E4465-00FC-4E13-BF56-F0946811BD3C}"
EndProject
Project("{FAE04EC0-301F-11D3-BF4B-00C04F79EFBC}") = "Dto", "Dto\Dto.csproj", "{9F7A5F01-16E0-46F4-949F-5660EC2EEF07}"
EndProject
Project("{2150E333-8FDC-42A3-9474-1A3956D46DE8}") = "Tests", "Tests", "{C2AD9A70-C157-4D1D-A498-C1A021F44B25}"
EndProject
Project("{2150E333-8FDC-42A3-9474-1A3956D46DE8}") = "Tests", "Tests", "{66D43AFF-412E-41A9-807F-0200E1EA343B}"
EndProject
Project("{2150E333-8FDC-42A3-9474-1A3956D46DE8}") = "Tests", "Tests", "{8B0CFC75-A518-4B8D-BE63-752A75D6748F}"
EndProject
Project("{2150E333-8FDC-42A3-9474-1A3956D46DE8}") = "Tests", "Tests", "{E1B17050-FABD-4A70-AF72-15F29B5BE671}"
EndProject
Project("{9A19103F-16F7-4668-BE54-9A1E7A4F7556}") = "Data", "Data\Data.csproj", "{D1CE476A-08A2-4CCE-A5E4-D30A84CACCA3}"
EndProject
Project("{FAE04EC0-301F-11D3-BF4B-00C04F79EFBC}") = "DogShelter.WebApi.Tests", "Tests\DogShelter.WebApi.Tests\DogShelter.WebApi.Tests.csproj", "{198EF7F6-11A6-4A40-8766-A058B4A20F5A}"
EndProject
Project("{FAE04EC0-301F-11D3-BF4B-00C04F79EFBC}") = "Application.Tests", "Tests\Application.Tests\Application.Tests.csproj", "{94A7DB96-D11C-4699-A5DB-2DF08839EC40}"
EndProject
Global
	GlobalSection(SolutionConfigurationPlatforms) = preSolution
		Debug|Any CPU = Debug|Any CPU
		Release|Any CPU = Release|Any CPU
	EndGlobalSection
	GlobalSection(ProjectConfigurationPlatforms) = postSolution
		{717310B3-90EE-464B-9838-1762E160B299}.Debug|Any CPU.ActiveCfg = Debug|Any CPU
		{717310B3-90EE-464B-9838-1762E160B299}.Debug|Any CPU.Build.0 = Debug|Any CPU
		{717310B3-90EE-464B-9838-1762E160B299}.Release|Any CPU.ActiveCfg = Release|Any CPU
		{717310B3-90EE-464B-9838-1762E160B299}.Release|Any CPU.Build.0 = Release|Any CPU
		{0C087D02-0136-420E-B2D4-EFEF9C3CFC11}.Debug|Any CPU.ActiveCfg = Debug|Any CPU
		{0C087D02-0136-420E-B2D4-EFEF9C3CFC11}.Debug|Any CPU.Build.0 = Debug|Any CPU
		{0C087D02-0136-420E-B2D4-EFEF9C3CFC11}.Release|Any CPU.ActiveCfg = Release|Any CPU
		{0C087D02-0136-420E-B2D4-EFEF9C3CFC11}.Release|Any CPU.Build.0 = Release|Any CPU
		{3E8607B4-0288-4FEA-9136-C8B120434DA8}.Debug|Any CPU.ActiveCfg = Debug|Any CPU
		{3E8607B4-0288-4FEA-9136-C8B120434DA8}.Debug|Any CPU.Build.0 = Debug|Any CPU
		{3E8607B4-0288-4FEA-9136-C8B120434DA8}.Release|Any CPU.ActiveCfg = Release|Any CPU
		{3E8607B4-0288-4FEA-9136-C8B120434DA8}.Release|Any CPU.Build.0 = Release|Any CPU
		{557CE6D1-09B7-4C8B-864D-CD28F2E20775}.Debug|Any CPU.ActiveCfg = Debug|Any CPU
		{557CE6D1-09B7-4C8B-864D-CD28F2E20775}.Debug|Any CPU.Build.0 = Debug|Any CPU
		{557CE6D1-09B7-4C8B-864D-CD28F2E20775}.Release|Any CPU.ActiveCfg = Release|Any CPU
		{557CE6D1-09B7-4C8B-864D-CD28F2E20775}.Release|Any CPU.Build.0 = Release|Any CPU
		{C4FE6C0E-0F98-471A-AB19-FC0CFFB79E9E}.Debug|Any CPU.ActiveCfg = Debug|Any CPU
		{C4FE6C0E-0F98-471A-AB19-FC0CFFB79E9E}.Debug|Any CPU.Build.0 = Debug|Any CPU
		{C4FE6C0E-0F98-471A-AB19-FC0CFFB79E9E}.Release|Any CPU.ActiveCfg = Release|Any CPU
		{C4FE6C0E-0F98-471A-AB19-FC0CFFB79E9E}.Release|Any CPU.Build.0 = Release|Any CPU
		{9F7A5F01-16E0-46F4-949F-5660EC2EEF07}.Debug|Any CPU.ActiveCfg = Debug|Any CPU
		{9F7A5F01-16E0-46F4-949F-5660EC2EEF07}.Debug|Any CPU.Build.0 = Debug|Any CPU
		{9F7A5F01-16E0-46F4-949F-5660EC2EEF07}.Release|Any CPU.ActiveCfg = Release|Any CPU
		{9F7A5F01-16E0-46F4-949F-5660EC2EEF07}.Release|Any CPU.Build.0 = Release|Any CPU
		{D1CE476A-08A2-4CCE-A5E4-D30A84CACCA3}.Debug|Any CPU.ActiveCfg = Debug|Any CPU
		{D1CE476A-08A2-4CCE-A5E4-D30A84CACCA3}.Debug|Any CPU.Build.0 = Debug|Any CPU
		{D1CE476A-08A2-4CCE-A5E4-D30A84CACCA3}.Release|Any CPU.ActiveCfg = Release|Any CPU
		{D1CE476A-08A2-4CCE-A5E4-D30A84CACCA3}.Release|Any CPU.Build.0 = Release|Any CPU
		{198EF7F6-11A6-4A40-8766-A058B4A20F5A}.Debug|Any CPU.ActiveCfg = Debug|Any CPU
		{198EF7F6-11A6-4A40-8766-A058B4A20F5A}.Debug|Any CPU.Build.0 = Debug|Any CPU
		{198EF7F6-11A6-4A40-8766-A058B4A20F5A}.Release|Any CPU.ActiveCfg = Release|Any CPU
		{198EF7F6-11A6-4A40-8766-A058B4A20F5A}.Release|Any CPU.Build.0 = Release|Any CPU
		{94A7DB96-D11C-4699-A5DB-2DF08839EC40}.Debug|Any CPU.ActiveCfg = Debug|Any CPU
		{94A7DB96-D11C-4699-A5DB-2DF08839EC40}.Debug|Any CPU.Build.0 = Debug|Any CPU
		{94A7DB96-D11C-4699-A5DB-2DF08839EC40}.Release|Any CPU.ActiveCfg = Release|Any CPU
		{94A7DB96-D11C-4699-A5DB-2DF08839EC40}.Release|Any CPU.Build.0 = Release|Any CPU
	EndGlobalSection
	GlobalSection(SolutionProperties) = preSolution
		HideSolutionNode = FALSE
	EndGlobalSection
	GlobalSection(NestedProjects) = preSolution
		{717310B3-90EE-464B-9838-1762E160B299} = {6117E061-A6DB-46CC-9F9B-DE44C460E612}
		{0C087D02-0136-420E-B2D4-EFEF9C3CFC11} = {2E2C6E62-FD0C-4C39-ACEE-5E11858A93F5}
		{3E8607B4-0288-4FEA-9136-C8B120434DA8} = {4D1EE417-0A5B-4169-8C93-789F2085C57B}
		{557CE6D1-09B7-4C8B-864D-CD28F2E20775} = {52FC8AF1-3AF0-46AC-98DD-F90F41593A1E}
		{C4FE6C0E-0F98-471A-AB19-FC0CFFB79E9E} = {52FC8AF1-3AF0-46AC-98DD-F90F41593A1E}
		{9F7A5F01-16E0-46F4-949F-5660EC2EEF07} = {4D1EE417-0A5B-4169-8C93-789F2085C57B}
		{C2AD9A70-C157-4D1D-A498-C1A021F44B25} = {6117E061-A6DB-46CC-9F9B-DE44C460E612}
		{66D43AFF-412E-41A9-807F-0200E1EA343B} = {2E2C6E62-FD0C-4C39-ACEE-5E11858A93F5}
		{8B0CFC75-A518-4B8D-BE63-752A75D6748F} = {4D1EE417-0A5B-4169-8C93-789F2085C57B}
		{E1B17050-FABD-4A70-AF72-15F29B5BE671} = {364E4465-00FC-4E13-BF56-F0946811BD3C}
		{D1CE476A-08A2-4CCE-A5E4-D30A84CACCA3} = {364E4465-00FC-4E13-BF56-F0946811BD3C}
		{198EF7F6-11A6-4A40-8766-A058B4A20F5A} = {C2AD9A70-C157-4D1D-A498-C1A021F44B25}
		{94A7DB96-D11C-4699-A5DB-2DF08839EC40} = {66D43AFF-412E-41A9-807F-0200E1EA343B}
	EndGlobalSection
	GlobalSection(ExtensibilityGlobals) = postSolution
		SolutionGuid = {D852E64B-BE60-48AE-AFBE-B1F3B56A9421}
	EndGlobalSection
EndGlobal
