
Microsoft Visual Studio Solution File, Format Version 12.00
# Visual Studio Version 17
VisualStudioVersion = 17.6.33801.468
MinimumVisualStudioVersion = 10.0.40219.1
Project("{2150E333-8FDC-42A3-9474-1A3956D46DE8}") = "1 - Presentation", "1 - Presentation", "{6117E061-A6DB-46CC-9F9B-DE44C460E612}"
EndProject
Project("{2150E333-8FDC-42A3-9474-1A3956D46DE8}") = "2 - Application", "2 - Application", "{2E2C6E62-FD0C-4C39-ACEE-5E11858A93F5}"
EndProject
Project("{2150E333-8FDC-42A3-9474-1A3956D46DE8}") = "3 - Domain", "3 - Domain", "{4D1EE417-0A5B-4169-8C93-789F2085C57B}"
EndProject
Project("{2150E333-8FDC-42A3-9474-1A3956D46DE8}") = "5 - Crosscutting", "5 - Crosscutting", "{52FC8AF1-3AF0-46AC-98DD-F90F41593A1E}"
EndProject
Project("{2150E333-8FDC-42A3-9474-1A3956D46DE8}") = "4 - Data", "4 - Data", "{364E4465-00FC-4E13-BF56-F0946811BD3C}"
EndProject
Project("{2150E333-8FDC-42A3-9474-1A3956D46DE8}") = "Tests", "Tests", "{C2AD9A70-C157-4D1D-A498-C1A021F44B25}"
EndProject
Project("{2150E333-8FDC-42A3-9474-1A3956D46DE8}") = "Tests", "Tests", "{66D43AFF-412E-41A9-807F-0200E1EA343B}"
EndProject
Project("{2150E333-8FDC-42A3-9474-1A3956D46DE8}") = "Tests", "Tests", "{8B0CFC75-A518-4B8D-BE63-752A75D6748F}"
EndProject
Project("{2150E333-8FDC-42A3-9474-1A3956D46DE8}") = "Tests", "Tests", "{E1B17050-FABD-4A70-AF72-15F29B5BE671}"
EndProject
Project("{9A19103F-16F7-4668-BE54-9A1E7A4F7556}") = "DogShelter.WebApi.Tests", "Tests\DogShelter.WebApi.Tests\DogShelter.WebApi.Tests.csproj", "{198EF7F6-11A6-4A40-8766-A058B4A20F5A}"
EndProject
Project("{9A19103F-16F7-4668-BE54-9A1E7A4F7556}") = "Application.Tests", "Tests\Application.Tests\Application.Tests.csproj", "{94A7DB96-D11C-4699-A5DB-2DF08839EC40}"
EndProject
Project("{9A19103F-16F7-4668-BE54-9A1E7A4F7556}") = "Data.Tests", "Tests\Data.Tests\Data.Tests.csproj", "{BD85130D-5E2C-4001-8606-6098ADBABB07}"
EndProject
Project("{9A19103F-16F7-4668-BE54-9A1E7A4F7556}") = "DogShelter.WebApi", "src\DogShelter.WebApi\DogShelter.WebApi.csproj", "{97443BDB-8366-4CE0-A7D0-43F3D6351D18}"
EndProject
Project("{9A19103F-16F7-4668-BE54-9A1E7A4F7556}") = "Application", "src\Application\Application.csproj", "{4D7693B4-AC9D-4C04-A292-08AAA5041195}"
EndProject
Project("{9A19103F-16F7-4668-BE54-9A1E7A4F7556}") = "Domain", "src\Domain\Domain.csproj", "{8EA64DC6-97BF-4AEC-BAEF-730AD32751C6}"
EndProject
Project("{9A19103F-16F7-4668-BE54-9A1E7A4F7556}") = "Dto", "src\Dto\Dto.csproj", "{A4F602EE-7AAD-4B18-92B3-4CF2D17BDFDA}"
EndProject
Project("{9A19103F-16F7-4668-BE54-9A1E7A4F7556}") = "Data", "src\Data\Data.csproj", "{5CCF30CB-A59E-4C4C-B8F1-AA8D764E6889}"
EndProject
Project("{9A19103F-16F7-4668-BE54-9A1E7A4F7556}") = "Crosscutting", "src\Crosscutting\Crosscutting.csproj", "{81146066-3CEF-4A49-BBC0-38CE242E7ACA}"
EndProject
Project("{9A19103F-16F7-4668-BE54-9A1E7A4F7556}") = "Crosscutting.DependencyInjection", "src\Crosscutting.DependencyInjection\Crosscutting.DependencyInjection.csproj", "{231CA572-FF67-4DE8-9C2D-84FA5CF58884}"
EndProject
Global
	GlobalSection(SolutionConfigurationPlatforms) = preSolution
		Debug|Any CPU = Debug|Any CPU
		Release|Any CPU = Release|Any CPU
	EndGlobalSection
	GlobalSection(ProjectConfigurationPlatforms) = postSolution
		{198EF7F6-11A6-4A40-8766-A058B4A20F5A}.Debug|Any CPU.ActiveCfg = Debug|Any CPU
		{198EF7F6-11A6-4A40-8766-A058B4A20F5A}.Debug|Any CPU.Build.0 = Debug|Any CPU
		{198EF7F6-11A6-4A40-8766-A058B4A20F5A}.Release|Any CPU.ActiveCfg = Release|Any CPU
		{198EF7F6-11A6-4A40-8766-A058B4A20F5A}.Release|Any CPU.Build.0 = Release|Any CPU
		{94A7DB96-D11C-4699-A5DB-2DF08839EC40}.Debug|Any CPU.ActiveCfg = Debug|Any CPU
		{94A7DB96-D11C-4699-A5DB-2DF08839EC40}.Debug|Any CPU.Build.0 = Debug|Any CPU
		{94A7DB96-D11C-4699-A5DB-2DF08839EC40}.Release|Any CPU.ActiveCfg = Release|Any CPU
		{94A7DB96-D11C-4699-A5DB-2DF08839EC40}.Release|Any CPU.Build.0 = Release|Any CPU
		{BD85130D-5E2C-4001-8606-6098ADBABB07}.Debug|Any CPU.ActiveCfg = Debug|Any CPU
		{BD85130D-5E2C-4001-8606-6098ADBABB07}.Release|Any CPU.ActiveCfg = Release|Any CPU
		{BD85130D-5E2C-4001-8606-6098ADBABB07}.Release|Any CPU.Build.0 = Release|Any CPU
		{97443BDB-8366-4CE0-A7D0-43F3D6351D18}.Debug|Any CPU.ActiveCfg = Debug|Any CPU
		{97443BDB-8366-4CE0-A7D0-43F3D6351D18}.Debug|Any CPU.Build.0 = Debug|Any CPU
		{97443BDB-8366-4CE0-A7D0-43F3D6351D18}.Release|Any CPU.ActiveCfg = Release|Any CPU
		{97443BDB-8366-4CE0-A7D0-43F3D6351D18}.Release|Any CPU.Build.0 = Release|Any CPU
		{4D7693B4-AC9D-4C04-A292-08AAA5041195}.Debug|Any CPU.ActiveCfg = Debug|Any CPU
		{4D7693B4-AC9D-4C04-A292-08AAA5041195}.Debug|Any CPU.Build.0 = Debug|Any CPU
		{4D7693B4-AC9D-4C04-A292-08AAA5041195}.Release|Any CPU.ActiveCfg = Release|Any CPU
		{4D7693B4-AC9D-4C04-A292-08AAA5041195}.Release|Any CPU.Build.0 = Release|Any CPU
		{8EA64DC6-97BF-4AEC-BAEF-730AD32751C6}.Debug|Any CPU.ActiveCfg = Debug|Any CPU
		{8EA64DC6-97BF-4AEC-BAEF-730AD32751C6}.Debug|Any CPU.Build.0 = Debug|Any CPU
		{8EA64DC6-97BF-4AEC-BAEF-730AD32751C6}.Release|Any CPU.ActiveCfg = Release|Any CPU
		{8EA64DC6-97BF-4AEC-BAEF-730AD32751C6}.Release|Any CPU.Build.0 = Release|Any CPU
		{A4F602EE-7AAD-4B18-92B3-4CF2D17BDFDA}.Debug|Any CPU.ActiveCfg = Debug|Any CPU
		{A4F602EE-7AAD-4B18-92B3-4CF2D17BDFDA}.Debug|Any CPU.Build.0 = Debug|Any CPU
		{A4F602EE-7AAD-4B18-92B3-4CF2D17BDFDA}.Release|Any CPU.ActiveCfg = Release|Any CPU
		{A4F602EE-7AAD-4B18-92B3-4CF2D17BDFDA}.Release|Any CPU.Build.0 = Release|Any CPU
		{5CCF30CB-A59E-4C4C-B8F1-AA8D764E6889}.Debug|Any CPU.ActiveCfg = Debug|Any CPU
		{5CCF30CB-A59E-4C4C-B8F1-AA8D764E6889}.Debug|Any CPU.Build.0 = Debug|Any CPU
		{5CCF30CB-A59E-4C4C-B8F1-AA8D764E6889}.Release|Any CPU.ActiveCfg = Release|Any CPU
		{5CCF30CB-A59E-4C4C-B8F1-AA8D764E6889}.Release|Any CPU.Build.0 = Release|Any CPU
		{81146066-3CEF-4A49-BBC0-38CE242E7ACA}.Debug|Any CPU.ActiveCfg = Debug|Any CPU
		{81146066-3CEF-4A49-BBC0-38CE242E7ACA}.Debug|Any CPU.Build.0 = Debug|Any CPU
		{81146066-3CEF-4A49-BBC0-38CE242E7ACA}.Release|Any CPU.ActiveCfg = Release|Any CPU
		{81146066-3CEF-4A49-BBC0-38CE242E7ACA}.Release|Any CPU.Build.0 = Release|Any CPU
		{231CA572-FF67-4DE8-9C2D-84FA5CF58884}.Debug|Any CPU.ActiveCfg = Debug|Any CPU
		{231CA572-FF67-4DE8-9C2D-84FA5CF58884}.Debug|Any CPU.Build.0 = Debug|Any CPU
		{231CA572-FF67-4DE8-9C2D-84FA5CF58884}.Release|Any CPU.ActiveCfg = Release|Any CPU
		{231CA572-FF67-4DE8-9C2D-84FA5CF58884}.Release|Any CPU.Build.0 = Release|Any CPU
	EndGlobalSection
	GlobalSection(SolutionProperties) = preSolution
		HideSolutionNode = FALSE
	EndGlobalSection
	GlobalSection(NestedProjects) = preSolution
		{C2AD9A70-C157-4D1D-A498-C1A021F44B25} = {6117E061-A6DB-46CC-9F9B-DE44C460E612}
		{66D43AFF-412E-41A9-807F-0200E1EA343B} = {2E2C6E62-FD0C-4C39-ACEE-5E11858A93F5}
		{8B0CFC75-A518-4B8D-BE63-752A75D6748F} = {4D1EE417-0A5B-4169-8C93-789F2085C57B}
		{E1B17050-FABD-4A70-AF72-15F29B5BE671} = {364E4465-00FC-4E13-BF56-F0946811BD3C}
		{198EF7F6-11A6-4A40-8766-A058B4A20F5A} = {C2AD9A70-C157-4D1D-A498-C1A021F44B25}
		{94A7DB96-D11C-4699-A5DB-2DF08839EC40} = {66D43AFF-412E-41A9-807F-0200E1EA343B}
		{BD85130D-5E2C-4001-8606-6098ADBABB07} = {E1B17050-FABD-4A70-AF72-15F29B5BE671}
		{97443BDB-8366-4CE0-A7D0-43F3D6351D18} = {6117E061-A6DB-46CC-9F9B-DE44C460E612}
		{4D7693B4-AC9D-4C04-A292-08AAA5041195} = {2E2C6E62-FD0C-4C39-ACEE-5E11858A93F5}
		{8EA64DC6-97BF-4AEC-BAEF-730AD32751C6} = {4D1EE417-0A5B-4169-8C93-789F2085C57B}
		{A4F602EE-7AAD-4B18-92B3-4CF2D17BDFDA} = {4D1EE417-0A5B-4169-8C93-789F2085C57B}
		{5CCF30CB-A59E-4C4C-B8F1-AA8D764E6889} = {364E4465-00FC-4E13-BF56-F0946811BD3C}
		{81146066-3CEF-4A49-BBC0-38CE242E7ACA} = {52FC8AF1-3AF0-46AC-98DD-F90F41593A1E}
		{231CA572-FF67-4DE8-9C2D-84FA5CF58884} = {52FC8AF1-3AF0-46AC-98DD-F90F41593A1E}
	EndGlobalSection
	GlobalSection(ExtensibilityGlobals) = postSolution
		SolutionGuid = {D852E64B-BE60-48AE-AFBE-B1F3B56A9421}
	EndGlobalSection
EndGlobal
